
Microsoft Visual Studio Solution File, Format Version 12.00
# Visual Studio Version 17
VisualStudioVersion = 17.10.34607.79
MinimumVisualStudioVersion = 10.0.40219.1
Project("{FAE04EC0-301F-11D3-BF4B-00C04F79EFBC}") = "CaesarCipher", "CaesarCipher\CaesarCipher.csproj", "{16C764DC-8287-45B1-8A61-21A87BCD6342}"
EndProject
Global
	GlobalSection(SolutionConfigurationPlatforms) = preSolution
		Debug|Any CPU = Debug|Any CPU
		Release|Any CPU = Release|Any CPU
	EndGlobalSection
	GlobalSection(ProjectConfigurationPlatforms) = postSolution
		{16C764DC-8287-45B1-8A61-21A87BCD6342}.Debug|Any CPU.ActiveCfg = Debug|Any CPU
		{16C764DC-8287-45B1-8A61-21A87BCD6342}.Debug|Any CPU.Build.0 = Debug|Any CPU
		{16C764DC-8287-45B1-8A61-21A87BCD6342}.Release|Any CPU.ActiveCfg = Release|Any CPU
		{16C764DC-8287-45B1-8A61-21A87BCD6342}.Release|Any CPU.Build.0 = Release|Any CPU
	EndGlobalSection
	GlobalSection(SolutionProperties) = preSolution
		HideSolutionNode = FALSE
	EndGlobalSection
	GlobalSection(ExtensibilityGlobals) = postSolution
		SolutionGuid = {B9E640F4-B2AB-48F7-8750-18AB047FDD5A}
	EndGlobalSection
EndGlobal
