{
  "version": 4,
  "terraform_version": "1.6.0",
  "serial": 21,
  "lineage": "78e16bef-bbd5-708d-86d2-03d09988be6c",
  "outputs": {},
  "resources": [
    {
      "mode": "managed",
      "type": "azurerm_app_service_source_control",
      "name": "example",
      "provider": "provider[\"registry.terraform.io/hashicorp/azurerm\"]",
      "instances": [
        {
          "schema_version": 0,
          "attributes": {
            "app_id": "/subscriptions/d25f179d-e1cb-4832-8372-02c278529e69/resourceGroups/taskboardrg72258/providers/Microsoft.Web/sites/webapp72258",
            "branch": "master",
            "github_action_configuration": [],
            "id": "/subscriptions/d25f179d-e1cb-4832-8372-02c278529e69/resourceGroups/taskboardrg72258/providers/Microsoft.Web/sites/webapp72258",
            "repo_url": "https://github.com/Sand82/DevOpsExercise",
            "rollback_enabled": false,
            "scm_type": "ExternalGit",
            "timeouts": null,
            "use_local_git": false,
            "use_manual_integration": true,
            "use_mercurial": false,
            "uses_github_action": false
          },
          "sensitive_attributes": [],
          "private": "eyJlMmJmYjczMC1lY2FhLTExZTYtOGY4OC0zNDM2M2JjN2M0YzAiOnsiY3JlYXRlIjoxODAwMDAwMDAwMDAwLCJkZWxldGUiOjE4MDAwMDAwMDAwMDAsInJlYWQiOjMwMDAwMDAwMDAwMH19",
          "dependencies": [
            "azurerm_linux_web_app.webapp",
            "azurerm_mssql_database.database",
            "azurerm_mssql_server.sqlserver",
            "azurerm_resource_group.rg",
            "azurerm_service_plan.asp",
            "random_integer.ri"
          ]
        }
      ]
    },
    {
      "mode": "managed",
      "type": "azurerm_linux_web_app",
      "name": "webapp",
      "provider": "provider[\"registry.terraform.io/hashicorp/azurerm\"]",
      "instances": [
        {
          "schema_version": 0,
          "attributes": {
            "app_settings": null,
            "auth_settings": [],
            "auth_settings_v2": [],
            "backup": [],
            "client_affinity_enabled": false,
            "client_certificate_enabled": false,
            "client_certificate_exclusion_paths": "",
            "client_certificate_mode": "Required",
            "connection_string": [
              {
                "name": "DefaultConnection",
                "type": "SQLAzure",
                "value": "Data Source=tcp:mssqlserver72258.database.windows.net,1433;Initial Catalog=appdatabase72258;User ID=missadministrator;Password=yourStrongPassword12#;Trusted_Connection=False; MultipleActiveResultSets=True;"
              }
            ],
            "custom_domain_verification_id": "5A48663DB57924D06EE68DE02F802BC4B33AF2871AD4B324937C3DA04F6DDF6C",
            "default_hostname": "webapp72258.azurewebsites.net",
            "enabled": true,
            "hosting_environment_id": "",
            "https_only": false,
            "id": "/subscriptions/d25f179d-e1cb-4832-8372-02c278529e69/resourceGroups/taskboardrg72258/providers/Microsoft.Web/sites/webapp72258",
            "identity": [],
            "key_vault_reference_identity_id": "SystemAssigned",
            "kind": "app,linux",
            "location": "westeurope",
            "logs": [],
            "name": "webapp72258",
            "outbound_ip_address_list": [
              "20.103.203.254",
              "20.103.205.55",
              "20.103.207.76",
              "20.126.224.105",
              "20.126.224.165",
              "20.103.203.71",
              "20.105.216.18"
            ],
            "outbound_ip_addresses": "20.103.203.254,20.103.205.55,20.103.207.76,20.126.224.105,20.126.224.165,20.103.203.71,20.105.216.18",
            "possible_outbound_ip_address_list": [
              "20.103.203.254",
              "20.103.205.55",
              "20.103.207.76",
              "20.126.224.105",
              "20.126.224.165",
              "20.103.203.71",
              "20.103.203.179",
              "20.126.229.1",
              "20.126.229.223",
              "20.103.204.212",
              "20.93.255.161",
              "20.126.230.75",
              "20.126.230.150",
              "20.126.231.9",
              "20.126.231.24",
              "20.126.231.225",
              "20.31.177.0",
              "20.31.177.15",
              "20.31.177.122",
              "20.31.177.145",
              "20.31.177.185",
              "20.31.177.196",
              "20.31.177.243",
              "20.31.177.255",
              "20.105.216.18"
            ],
            "possible_outbound_ip_addresses": "20.103.203.254,20.103.205.55,20.103.207.76,20.126.224.105,20.126.224.165,20.103.203.71,20.103.203.179,20.126.229.1,20.126.229.223,20.103.204.212,20.93.255.161,20.126.230.75,20.126.230.150,20.126.231.9,20.126.231.24,20.126.231.225,20.31.177.0,20.31.177.15,20.31.177.122,20.31.177.145,20.31.177.185,20.31.177.196,20.31.177.243,20.31.177.255,20.105.216.18",
            "public_network_access_enabled": true,
            "resource_group_name": "taskboardrg72258",
            "service_plan_id": "/subscriptions/d25f179d-e1cb-4832-8372-02c278529e69/resourceGroups/taskboardrg72258/providers/Microsoft.Web/serverfarms/taskboard72258",
            "site_config": [
              {
                "always_on": false,
                "api_definition_url": "",
                "api_management_api_id": "",
                "app_command_line": "",
                "application_stack": [
                  {
                    "docker_image": "",
                    "docker_image_name": "",
                    "docker_image_tag": "",
                    "docker_registry_password": "",
                    "docker_registry_url": "",
                    "docker_registry_username": "",
                    "dotnet_version": "6.0",
                    "go_version": "",
                    "java_server": "",
                    "java_server_version": "",
                    "java_version": "",
                    "node_version": "",
                    "php_version": "",
                    "python_version": "",
                    "ruby_version": ""
                  }
                ],
                "auto_heal_enabled": false,
                "auto_heal_setting": [],
                "container_registry_managed_identity_client_id": "",
                "container_registry_use_managed_identity": false,
                "cors": [],
                "default_documents": [
                  "Default.htm",
                  "Default.html",
                  "Default.asp",
                  "index.htm",
                  "index.html",
                  "iisstart.htm",
                  "default.aspx",
                  "index.php",
                  "hostingstart.html"
                ],
                "detailed_error_logging_enabled": false,
                "ftps_state": "Disabled",
                "health_check_eviction_time_in_min": 0,
                "health_check_path": "",
                "http2_enabled": false,
                "ip_restriction": [],
                "linux_fx_version": "DOTNETCORE|6.0",
                "load_balancing_mode": "LeastRequests",
                "local_mysql_enabled": false,
                "managed_pipeline_mode": "Integrated",
                "minimum_tls_version": "1.2",
                "remote_debugging_enabled": false,
                "remote_debugging_version": "VS2019",
                "scm_ip_restriction": [],
                "scm_minimum_tls_version": "1.2",
                "scm_type": "None",
                "scm_use_main_ip_restriction": false,
                "use_32_bit_worker": true,
                "vnet_route_all_enabled": false,
                "websockets_enabled": false,
                "worker_count": 1
              }
            ],
            "site_credential": [
              {
                "name": "$webapp72258",
                "password": "RTvMnlXt4gsiQaHAGSqzuffpM3cv5hgH43fd1p4A5f8lK4xSuoeF9onZNsYr"
              }
            ],
            "sticky_settings": [],
            "storage_account": [],
            "tags": null,
            "timeouts": null,
            "virtual_network_subnet_id": "",
            "zip_deploy_file": ""
          },
          "sensitive_attributes": [
            [
              {
                "type": "get_attr",
                "value": "connection_string"
              }
            ]
          ],
          "private": "eyJlMmJmYjczMC1lY2FhLTExZTYtOGY4OC0zNDM2M2JjN2M0YzAiOnsiY3JlYXRlIjoxODAwMDAwMDAwMDAwLCJkZWxldGUiOjE4MDAwMDAwMDAwMDAsInJlYWQiOjMwMDAwMDAwMDAwMCwidXBkYXRlIjoxODAwMDAwMDAwMDAwfX0=",
          "dependencies": [
            "azurerm_mssql_database.database",
            "azurerm_mssql_server.sqlserver",
            "azurerm_resource_group.rg",
            "azurerm_service_plan.asp",
            "random_integer.ri"
          ]
        }
      ]
    },
    {
      "mode": "managed",
      "type": "azurerm_mssql_database",
      "name": "database",
      "provider": "provider[\"registry.terraform.io/hashicorp/azurerm\"]",
      "instances": [
        {
          "schema_version": 1,
          "attributes": {
            "auto_pause_delay_in_minutes": 0,
            "collation": "SQL_Latin1_General_CP1_CI_AS",
            "create_mode": "Default",
            "creation_source_database_id": null,
            "elastic_pool_id": "",
            "geo_backup_enabled": true,
            "id": "/subscriptions/d25f179d-e1cb-4832-8372-02c278529e69/resourceGroups/taskboardrg72258/providers/Microsoft.Sql/servers/mssqlserver72258/databases/appdatabase72258",
            "import": [],
            "ledger_enabled": false,
            "license_type": "LicenseIncluded",
            "long_term_retention_policy": [
              {
                "monthly_retention": "PT0S",
                "week_of_year": 1,
                "weekly_retention": "PT0S",
                "yearly_retention": "PT0S"
              }
            ],
            "maintenance_configuration_name": "SQL_Default",
            "max_size_gb": 250,
            "min_capacity": 0,
            "name": "appdatabase72258",
            "read_replica_count": 0,
            "read_scale": false,
            "recover_database_id": null,
            "restore_dropped_database_id": null,
            "restore_point_in_time": null,
            "sample_name": null,
            "server_id": "/subscriptions/d25f179d-e1cb-4832-8372-02c278529e69/resourceGroups/taskboardrg72258/providers/Microsoft.Sql/servers/mssqlserver72258",
            "short_term_retention_policy": [
              {
                "backup_interval_in_hours": 24,
                "retention_days": 7
              }
            ],
            "sku_name": "S0",
            "storage_account_type": "Geo",
            "tags": null,
            "threat_detection_policy": [
              {
                "disabled_alerts": [],
                "email_account_admins": "Disabled",
                "email_addresses": [],
                "retention_days": 0,
                "state": "Disabled",
                "storage_account_access_key": "",
                "storage_endpoint": ""
              }
            ],
            "timeouts": null,
            "transparent_data_encryption_enabled": true,
            "zone_redundant": false
          },
          "sensitive_attributes": [],
          "private": "eyJlMmJmYjczMC1lY2FhLTExZTYtOGY4OC0zNDM2M2JjN2M0YzAiOnsiY3JlYXRlIjozNjAwMDAwMDAwMDAwLCJkZWxldGUiOjM2MDAwMDAwMDAwMDAsInJlYWQiOjMwMDAwMDAwMDAwMCwidXBkYXRlIjozNjAwMDAwMDAwMDAwfSwic2NoZW1hX3ZlcnNpb24iOiIxIn0=",
          "dependencies": [
            "azurerm_mssql_server.sqlserver",
            "azurerm_resource_group.rg",
            "random_integer.ri"
          ]
        }
      ]
    },
    {
      "mode": "managed",
      "type": "azurerm_mssql_firewall_rule",
      "name": "firewall",
      "provider": "provider[\"registry.terraform.io/hashicorp/azurerm\"]",
      "instances": [
        {
          "schema_version": 0,
          "attributes": {
            "end_ip_address": "0.0.0.0",
            "id": "/subscriptions/d25f179d-e1cb-4832-8372-02c278529e69/resourceGroups/taskboardrg72258/providers/Microsoft.Sql/servers/mssqlserver72258/firewallRules/FirewallRule1",
            "name": "FirewallRule1",
            "server_id": "/subscriptions/d25f179d-e1cb-4832-8372-02c278529e69/resourceGroups/taskboardrg72258/providers/Microsoft.Sql/servers/mssqlserver72258",
            "start_ip_address": "0.0.0.0",
            "timeouts": null
          },
          "sensitive_attributes": [],
          "private": "eyJlMmJmYjczMC1lY2FhLTExZTYtOGY4OC0zNDM2M2JjN2M0YzAiOnsiY3JlYXRlIjoxODAwMDAwMDAwMDAwLCJkZWxldGUiOjE4MDAwMDAwMDAwMDAsInJlYWQiOjMwMDAwMDAwMDAwMCwidXBkYXRlIjoxODAwMDAwMDAwMDAwfX0=",
          "dependencies": [
            "azurerm_mssql_server.sqlserver",
            "azurerm_resource_group.rg",
            "random_integer.ri"
          ]
        }
      ]
    },
    {
      "mode": "managed",
      "type": "azurerm_mssql_server",
      "name": "sqlserver",
      "provider": "provider[\"registry.terraform.io/hashicorp/azurerm\"]",
      "instances": [
        {
          "schema_version": 0,
          "attributes": {
            "administrator_login": "missadministrator",
            "administrator_login_password": "yourStrongPassword12#",
            "azuread_administrator": [],
            "connection_policy": "Default",
            "fully_qualified_domain_name": "mssqlserver72258.database.windows.net",
            "id": "/subscriptions/d25f179d-e1cb-4832-8372-02c278529e69/resourceGroups/taskboardrg72258/providers/Microsoft.Sql/servers/mssqlserver72258",
            "identity": [],
            "location": "westeurope",
            "minimum_tls_version": "1.2",
            "name": "mssqlserver72258",
            "outbound_network_restriction_enabled": false,
            "primary_user_assigned_identity_id": "",
            "public_network_access_enabled": true,
            "resource_group_name": "taskboardrg72258",
            "restorable_dropped_database_ids": [],
            "tags": null,
            "timeouts": null,
            "transparent_data_encryption_key_vault_key_id": "",
            "version": "12.0"
          },
          "sensitive_attributes": [],
          "private": "eyJlMmJmYjczMC1lY2FhLTExZTYtOGY4OC0zNDM2M2JjN2M0YzAiOnsiY3JlYXRlIjozNjAwMDAwMDAwMDAwLCJkZWxldGUiOjM2MDAwMDAwMDAwMDAsInJlYWQiOjMwMDAwMDAwMDAwMCwidXBkYXRlIjozNjAwMDAwMDAwMDAwfX0=",
          "dependencies": [
            "azurerm_resource_group.rg",
            "random_integer.ri"
          ]
        }
      ]
    },
    {
      "mode": "managed",
      "type": "azurerm_resource_group",
      "name": "rg",
      "provider": "provider[\"registry.terraform.io/hashicorp/azurerm\"]",
      "instances": [
        {
          "schema_version": 0,
          "attributes": {
            "id": "/subscriptions/d25f179d-e1cb-4832-8372-02c278529e69/resourceGroups/taskboardrg72258",
            "location": "westeurope",
            "managed_by": "",
            "name": "taskboardrg72258",
            "tags": null,
            "timeouts": null
          },
          "sensitive_attributes": [],
          "private": "eyJlMmJmYjczMC1lY2FhLTExZTYtOGY4OC0zNDM2M2JjN2M0YzAiOnsiY3JlYXRlIjo1NDAwMDAwMDAwMDAwLCJkZWxldGUiOjU0MDAwMDAwMDAwMDAsInJlYWQiOjMwMDAwMDAwMDAwMCwidXBkYXRlIjo1NDAwMDAwMDAwMDAwfX0=",
          "dependencies": [
            "random_integer.ri"
          ]
        }
      ]
    },
    {
      "mode": "managed",
      "type": "azurerm_service_plan",
      "name": "asp",
      "provider": "provider[\"registry.terraform.io/hashicorp/azurerm\"]",
      "instances": [
        {
          "schema_version": 0,
          "attributes": {
            "app_service_environment_id": "",
            "id": "/subscriptions/d25f179d-e1cb-4832-8372-02c278529e69/resourceGroups/taskboardrg72258/providers/Microsoft.Web/serverfarms/taskboard72258",
            "kind": "linux",
            "location": "westeurope",
            "maximum_elastic_worker_count": 1,
            "name": "taskboard72258",
            "os_type": "Linux",
            "per_site_scaling_enabled": false,
            "reserved": true,
            "resource_group_name": "taskboardrg72258",
            "sku_name": "F1",
            "tags": null,
            "timeouts": null,
            "worker_count": 1,
            "zone_balancing_enabled": false
          },
          "sensitive_attributes": [],
          "private": "eyJlMmJmYjczMC1lY2FhLTExZTYtOGY4OC0zNDM2M2JjN2M0YzAiOnsiY3JlYXRlIjozNjAwMDAwMDAwMDAwLCJkZWxldGUiOjM2MDAwMDAwMDAwMDAsInJlYWQiOjMwMDAwMDAwMDAwMCwidXBkYXRlIjozNjAwMDAwMDAwMDAwfX0=",
          "dependencies": [
            "azurerm_resource_group.rg",
            "random_integer.ri"
          ]
        }
      ]
    },
    {
      "mode": "managed",
      "type": "random_integer",
      "name": "ri",
      "provider": "provider[\"registry.terraform.io/hashicorp/random\"]",
      "instances": [
        {
          "schema_version": 0,
          "attributes": {
            "id": "72258",
            "keepers": null,
            "max": 99999,
            "min": 10000,
            "result": 72258,
            "seed": null
          },
          "sensitive_attributes": []
        }
      ]
    }
  ],
  "check_results": null
}
