
Microsoft Visual Studio Solution File, Format Version 12.00
# Visual Studio Version 17
VisualStudioVersion = 17.1.32421.90
MinimumVisualStudioVersion = 10.0.40219.1
Project("{9A19103F-16F7-4668-BE54-9A1E7A4F7556}") = "PermutationsWithoutRepetition", "PermutationsWithoutRepetition\PermutationsWithoutRepetition.csproj", "{540810B9-D669-429A-8E08-D544CE9D88E8}"
EndProject
Project("{9A19103F-16F7-4668-BE54-9A1E7A4F7556}") = "PermutationsWithRepetition", "PermutationsWithRepetition\PermutationsWithRepetition.csproj", "{EBF31FD7-1607-49CB-B2DA-174D27C3410C}"
EndProject
Project("{9A19103F-16F7-4668-BE54-9A1E7A4F7556}") = "PermutationsOptimizedVersion", "PermutationsOptimizedVersion\PermutationsOptimizedVersion.csproj", "{621C4B5C-5FAB-4D8A-9B59-D64B627ED2B9}"
EndProject
Project("{FAE04EC0-301F-11D3-BF4B-00C04F79EFBC}") = "VariationsWithoutRepetition", "VariationsWithoutRepetition\VariationsWithoutRepetition.csproj", "{01A81B5B-4703-4146-BB56-165813871620}"
EndProject
Project("{FAE04EC0-301F-11D3-BF4B-00C04F79EFBC}") = "VariationsWithRepetition", "VariationsWithRepetition\VariationsWithRepetition.csproj", "{E83649BD-B79C-40C9-8D75-AB20156B9BAD}"
EndProject
Project("{FAE04EC0-301F-11D3-BF4B-00C04F79EFBC}") = "CombinationsWithoutRepetition", "CombinationsWithoutRepetition\CombinationsWithoutRepetition.csproj", "{E13F9C4C-A86E-45C7-A439-EF9F5D93FD36}"
EndProject
Project("{FAE04EC0-301F-11D3-BF4B-00C04F79EFBC}") = "CombinationsWithRepetition", "CombinationsWithRepetition\CombinationsWithRepetition.csproj", "{ED5F028F-AADB-48F1-9C32-9EBA272FF80A}"
EndProject
Global
	GlobalSection(SolutionConfigurationPlatforms) = preSolution
		Debug|Any CPU = Debug|Any CPU
		Release|Any CPU = Release|Any CPU
	EndGlobalSection
	GlobalSection(ProjectConfigurationPlatforms) = postSolution
		{540810B9-D669-429A-8E08-D544CE9D88E8}.Debug|Any CPU.ActiveCfg = Debug|Any CPU
		{540810B9-D669-429A-8E08-D544CE9D88E8}.Debug|Any CPU.Build.0 = Debug|Any CPU
		{540810B9-D669-429A-8E08-D544CE9D88E8}.Release|Any CPU.ActiveCfg = Release|Any CPU
		{540810B9-D669-429A-8E08-D544CE9D88E8}.Release|Any CPU.Build.0 = Release|Any CPU
		{EBF31FD7-1607-49CB-B2DA-174D27C3410C}.Debug|Any CPU.ActiveCfg = Debug|Any CPU
		{EBF31FD7-1607-49CB-B2DA-174D27C3410C}.Debug|Any CPU.Build.0 = Debug|Any CPU
		{EBF31FD7-1607-49CB-B2DA-174D27C3410C}.Release|Any CPU.ActiveCfg = Release|Any CPU
		{EBF31FD7-1607-49CB-B2DA-174D27C3410C}.Release|Any CPU.Build.0 = Release|Any CPU
		{621C4B5C-5FAB-4D8A-9B59-D64B627ED2B9}.Debug|Any CPU.ActiveCfg = Debug|Any CPU
		{621C4B5C-5FAB-4D8A-9B59-D64B627ED2B9}.Debug|Any CPU.Build.0 = Debug|Any CPU
		{621C4B5C-5FAB-4D8A-9B59-D64B627ED2B9}.Release|Any CPU.ActiveCfg = Release|Any CPU
		{621C4B5C-5FAB-4D8A-9B59-D64B627ED2B9}.Release|Any CPU.Build.0 = Release|Any CPU
		{01A81B5B-4703-4146-BB56-165813871620}.Debug|Any CPU.ActiveCfg = Debug|Any CPU
		{01A81B5B-4703-4146-BB56-165813871620}.Debug|Any CPU.Build.0 = Debug|Any CPU
		{01A81B5B-4703-4146-BB56-165813871620}.Release|Any CPU.ActiveCfg = Release|Any CPU
		{01A81B5B-4703-4146-BB56-165813871620}.Release|Any CPU.Build.0 = Release|Any CPU
		{E83649BD-B79C-40C9-8D75-AB20156B9BAD}.Debug|Any CPU.ActiveCfg = Debug|Any CPU
		{E83649BD-B79C-40C9-8D75-AB20156B9BAD}.Debug|Any CPU.Build.0 = Debug|Any CPU
		{E83649BD-B79C-40C9-8D75-AB20156B9BAD}.Release|Any CPU.ActiveCfg = Release|Any CPU
		{E83649BD-B79C-40C9-8D75-AB20156B9BAD}.Release|Any CPU.Build.0 = Release|Any CPU
		{E13F9C4C-A86E-45C7-A439-EF9F5D93FD36}.Debug|Any CPU.ActiveCfg = Debug|Any CPU
		{E13F9C4C-A86E-45C7-A439-EF9F5D93FD36}.Debug|Any CPU.Build.0 = Debug|Any CPU
		{E13F9C4C-A86E-45C7-A439-EF9F5D93FD36}.Release|Any CPU.ActiveCfg = Release|Any CPU
		{E13F9C4C-A86E-45C7-A439-EF9F5D93FD36}.Release|Any CPU.Build.0 = Release|Any CPU
		{ED5F028F-AADB-48F1-9C32-9EBA272FF80A}.Debug|Any CPU.ActiveCfg = Debug|Any CPU
		{ED5F028F-AADB-48F1-9C32-9EBA272FF80A}.Debug|Any CPU.Build.0 = Debug|Any CPU
		{ED5F028F-AADB-48F1-9C32-9EBA272FF80A}.Release|Any CPU.ActiveCfg = Release|Any CPU
		{ED5F028F-AADB-48F1-9C32-9EBA272FF80A}.Release|Any CPU.Build.0 = Release|Any CPU
	EndGlobalSection
	GlobalSection(SolutionProperties) = preSolution
		HideSolutionNode = FALSE
	EndGlobalSection
	GlobalSection(ExtensibilityGlobals) = postSolution
		SolutionGuid = {BB60B8FE-ED09-4A34-BABC-5A8959F928FC}
	EndGlobalSection
EndGlobal
