
Microsoft Visual Studio Solution File, Format Version 12.00
# Visual Studio Version 17
VisualStudioVersion = 17.1.32421.90
MinimumVisualStudioVersion = 10.0.40219.1
Project("{9A19103F-16F7-4668-BE54-9A1E7A4F7556}") = "01.ReverseArray", "01.ReverseArray\01.ReverseArray.csproj", "{F825D8A0-11F6-4F38-90B6-EB71C06EF568}"
EndProject
Project("{9A19103F-16F7-4668-BE54-9A1E7A4F7556}") = "01.ReverseArraySwopElements", "01.ReverseArraySwopElements\01.ReverseArraySwopElements.csproj", "{C5D0B6A2-3E62-4E17-BA54-F828BD90520F}"
EndProject
Project("{9A19103F-16F7-4668-BE54-9A1E7A4F7556}") = "02.NestedLoops", "02.NestedLoops\02.NestedLoops.csproj", "{A69D41F6-59D3-4A1B-85CE-E03228AD1FA0}"
EndProject
Project("{9A19103F-16F7-4668-BE54-9A1E7A4F7556}") = "03.ConnectedAreasInMatrix", "03.ConnectedAreasInMatrix\03.ConnectedAreasInMatrix.csproj", "{AC21BA92-5C21-49CA-B318-8534CFD710AC}"
EndProject
Project("{9A19103F-16F7-4668-BE54-9A1E7A4F7556}") = "04.Cinema", "04.Cinema\04.Cinema.csproj", "{08862973-BD10-46BF-98D1-F9E1CE87EDB3}"
EndProject
Project("{9A19103F-16F7-4668-BE54-9A1E7A4F7556}") = "05.SchoolTeams", "05.SchoolTeams\05.SchoolTeams.csproj", "{D5A7A67D-B595-439C-84B9-1379AB5CDE57}"
EndProject
Project("{FAE04EC0-301F-11D3-BF4B-00C04F79EFBC}") = "06.WordCruncher", "06.WordCruncher\06.WordCruncher.csproj", "{6CA00246-B358-46A7-A4BB-392B86798089}"
EndProject
Global
	GlobalSection(SolutionConfigurationPlatforms) = preSolution
		Debug|Any CPU = Debug|Any CPU
		Release|Any CPU = Release|Any CPU
	EndGlobalSection
	GlobalSection(ProjectConfigurationPlatforms) = postSolution
		{F825D8A0-11F6-4F38-90B6-EB71C06EF568}.Debug|Any CPU.ActiveCfg = Debug|Any CPU
		{F825D8A0-11F6-4F38-90B6-EB71C06EF568}.Debug|Any CPU.Build.0 = Debug|Any CPU
		{F825D8A0-11F6-4F38-90B6-EB71C06EF568}.Release|Any CPU.ActiveCfg = Release|Any CPU
		{F825D8A0-11F6-4F38-90B6-EB71C06EF568}.Release|Any CPU.Build.0 = Release|Any CPU
		{C5D0B6A2-3E62-4E17-BA54-F828BD90520F}.Debug|Any CPU.ActiveCfg = Debug|Any CPU
		{C5D0B6A2-3E62-4E17-BA54-F828BD90520F}.Debug|Any CPU.Build.0 = Debug|Any CPU
		{C5D0B6A2-3E62-4E17-BA54-F828BD90520F}.Release|Any CPU.ActiveCfg = Release|Any CPU
		{C5D0B6A2-3E62-4E17-BA54-F828BD90520F}.Release|Any CPU.Build.0 = Release|Any CPU
		{A69D41F6-59D3-4A1B-85CE-E03228AD1FA0}.Debug|Any CPU.ActiveCfg = Debug|Any CPU
		{A69D41F6-59D3-4A1B-85CE-E03228AD1FA0}.Debug|Any CPU.Build.0 = Debug|Any CPU
		{A69D41F6-59D3-4A1B-85CE-E03228AD1FA0}.Release|Any CPU.ActiveCfg = Release|Any CPU
		{A69D41F6-59D3-4A1B-85CE-E03228AD1FA0}.Release|Any CPU.Build.0 = Release|Any CPU
		{AC21BA92-5C21-49CA-B318-8534CFD710AC}.Debug|Any CPU.ActiveCfg = Debug|Any CPU
		{AC21BA92-5C21-49CA-B318-8534CFD710AC}.Debug|Any CPU.Build.0 = Debug|Any CPU
		{AC21BA92-5C21-49CA-B318-8534CFD710AC}.Release|Any CPU.ActiveCfg = Release|Any CPU
		{AC21BA92-5C21-49CA-B318-8534CFD710AC}.Release|Any CPU.Build.0 = Release|Any CPU
		{08862973-BD10-46BF-98D1-F9E1CE87EDB3}.Debug|Any CPU.ActiveCfg = Debug|Any CPU
		{08862973-BD10-46BF-98D1-F9E1CE87EDB3}.Debug|Any CPU.Build.0 = Debug|Any CPU
		{08862973-BD10-46BF-98D1-F9E1CE87EDB3}.Release|Any CPU.ActiveCfg = Release|Any CPU
		{08862973-BD10-46BF-98D1-F9E1CE87EDB3}.Release|Any CPU.Build.0 = Release|Any CPU
		{D5A7A67D-B595-439C-84B9-1379AB5CDE57}.Debug|Any CPU.ActiveCfg = Debug|Any CPU
		{D5A7A67D-B595-439C-84B9-1379AB5CDE57}.Debug|Any CPU.Build.0 = Debug|Any CPU
		{D5A7A67D-B595-439C-84B9-1379AB5CDE57}.Release|Any CPU.ActiveCfg = Release|Any CPU
		{D5A7A67D-B595-439C-84B9-1379AB5CDE57}.Release|Any CPU.Build.0 = Release|Any CPU
		{6CA00246-B358-46A7-A4BB-392B86798089}.Debug|Any CPU.ActiveCfg = Debug|Any CPU
		{6CA00246-B358-46A7-A4BB-392B86798089}.Debug|Any CPU.Build.0 = Debug|Any CPU
		{6CA00246-B358-46A7-A4BB-392B86798089}.Release|Any CPU.ActiveCfg = Release|Any CPU
		{6CA00246-B358-46A7-A4BB-392B86798089}.Release|Any CPU.Build.0 = Release|Any CPU
	EndGlobalSection
	GlobalSection(SolutionProperties) = preSolution
		HideSolutionNode = FALSE
	EndGlobalSection
	GlobalSection(ExtensibilityGlobals) = postSolution
		SolutionGuid = {7639A751-8827-41FE-92EF-903AD596645E}
	EndGlobalSection
EndGlobal
