
Microsoft Visual Studio Solution File, Format Version 12.00
# Visual Studio Version 17
VisualStudioVersion = 17.1.32421.90
MinimumVisualStudioVersion = 10.0.40219.1
Project("{9A19103F-16F7-4668-BE54-9A1E7A4F7556}") = "LinearSearch", "LinearSearch\LinearSearch.csproj", "{FA352BB9-C75D-4533-B306-D15FB950404F}"
EndProject
Project("{9A19103F-16F7-4668-BE54-9A1E7A4F7556}") = "BinarySearch", "BinarySearch\BinarySearch.csproj", "{11556B2A-3BBC-4A65-BE86-1BE824FADD00}"
EndProject
Project("{9A19103F-16F7-4668-BE54-9A1E7A4F7556}") = "BinarySearchRecursive", "BinarySearchRecursive\BinarySearchRecursive.csproj", "{D2C26AAC-54F7-4784-9B38-DCB1052F0984}"
EndProject
Project("{9A19103F-16F7-4668-BE54-9A1E7A4F7556}") = "SelectionSort", "SelectionSort\SelectionSort.csproj", "{C0607235-8E18-43B8-9365-1C55FC775CEC}"
EndProject
Project("{9A19103F-16F7-4668-BE54-9A1E7A4F7556}") = "BubbleSort", "BubbleSort\BubbleSort.csproj", "{6E4FBE85-09D8-4554-B469-E17A5C987D25}"
EndProject
Project("{9A19103F-16F7-4668-BE54-9A1E7A4F7556}") = "InsertionSort", "InsertionSort\InsertionSort.csproj", "{9CB1FEF5-7B0B-4051-B6CA-EF11132EDD0A}"
EndProject
Project("{FAE04EC0-301F-11D3-BF4B-00C04F79EFBC}") = "QuickSort", "QuickSort\QuickSort.csproj", "{580155F8-9E02-49CB-AB13-181BC81893EA}"
EndProject
Global
	GlobalSection(SolutionConfigurationPlatforms) = preSolution
		Debug|Any CPU = Debug|Any CPU
		Release|Any CPU = Release|Any CPU
	EndGlobalSection
	GlobalSection(ProjectConfigurationPlatforms) = postSolution
		{FA352BB9-C75D-4533-B306-D15FB950404F}.Debug|Any CPU.ActiveCfg = Debug|Any CPU
		{FA352BB9-C75D-4533-B306-D15FB950404F}.Debug|Any CPU.Build.0 = Debug|Any CPU
		{FA352BB9-C75D-4533-B306-D15FB950404F}.Release|Any CPU.ActiveCfg = Release|Any CPU
		{FA352BB9-C75D-4533-B306-D15FB950404F}.Release|Any CPU.Build.0 = Release|Any CPU
		{11556B2A-3BBC-4A65-BE86-1BE824FADD00}.Debug|Any CPU.ActiveCfg = Debug|Any CPU
		{11556B2A-3BBC-4A65-BE86-1BE824FADD00}.Debug|Any CPU.Build.0 = Debug|Any CPU
		{11556B2A-3BBC-4A65-BE86-1BE824FADD00}.Release|Any CPU.ActiveCfg = Release|Any CPU
		{11556B2A-3BBC-4A65-BE86-1BE824FADD00}.Release|Any CPU.Build.0 = Release|Any CPU
		{D2C26AAC-54F7-4784-9B38-DCB1052F0984}.Debug|Any CPU.ActiveCfg = Debug|Any CPU
		{D2C26AAC-54F7-4784-9B38-DCB1052F0984}.Debug|Any CPU.Build.0 = Debug|Any CPU
		{D2C26AAC-54F7-4784-9B38-DCB1052F0984}.Release|Any CPU.ActiveCfg = Release|Any CPU
		{D2C26AAC-54F7-4784-9B38-DCB1052F0984}.Release|Any CPU.Build.0 = Release|Any CPU
		{C0607235-8E18-43B8-9365-1C55FC775CEC}.Debug|Any CPU.ActiveCfg = Debug|Any CPU
		{C0607235-8E18-43B8-9365-1C55FC775CEC}.Debug|Any CPU.Build.0 = Debug|Any CPU
		{C0607235-8E18-43B8-9365-1C55FC775CEC}.Release|Any CPU.ActiveCfg = Release|Any CPU
		{C0607235-8E18-43B8-9365-1C55FC775CEC}.Release|Any CPU.Build.0 = Release|Any CPU
		{6E4FBE85-09D8-4554-B469-E17A5C987D25}.Debug|Any CPU.ActiveCfg = Debug|Any CPU
		{6E4FBE85-09D8-4554-B469-E17A5C987D25}.Debug|Any CPU.Build.0 = Debug|Any CPU
		{6E4FBE85-09D8-4554-B469-E17A5C987D25}.Release|Any CPU.ActiveCfg = Release|Any CPU
		{6E4FBE85-09D8-4554-B469-E17A5C987D25}.Release|Any CPU.Build.0 = Release|Any CPU
		{9CB1FEF5-7B0B-4051-B6CA-EF11132EDD0A}.Debug|Any CPU.ActiveCfg = Debug|Any CPU
		{9CB1FEF5-7B0B-4051-B6CA-EF11132EDD0A}.Debug|Any CPU.Build.0 = Debug|Any CPU
		{9CB1FEF5-7B0B-4051-B6CA-EF11132EDD0A}.Release|Any CPU.ActiveCfg = Release|Any CPU
		{9CB1FEF5-7B0B-4051-B6CA-EF11132EDD0A}.Release|Any CPU.Build.0 = Release|Any CPU
		{580155F8-9E02-49CB-AB13-181BC81893EA}.Debug|Any CPU.ActiveCfg = Debug|Any CPU
		{580155F8-9E02-49CB-AB13-181BC81893EA}.Debug|Any CPU.Build.0 = Debug|Any CPU
		{580155F8-9E02-49CB-AB13-181BC81893EA}.Release|Any CPU.ActiveCfg = Release|Any CPU
		{580155F8-9E02-49CB-AB13-181BC81893EA}.Release|Any CPU.Build.0 = Release|Any CPU
	EndGlobalSection
	GlobalSection(SolutionProperties) = preSolution
		HideSolutionNode = FALSE
	EndGlobalSection
	GlobalSection(ExtensibilityGlobals) = postSolution
		SolutionGuid = {98BF4FD2-FD9F-43D3-B86A-276918F5F88C}
	EndGlobalSection
EndGlobal
