
Microsoft Visual Studio Solution File, Format Version 12.00
# Visual Studio Version 17
VisualStudioVersion = 17.1.32421.90
MinimumVisualStudioVersion = 10.0.40219.1
Project("{FAE04EC0-301F-11D3-BF4B-00C04F79EFBC}") = "OpenClosePrinciple", "OpenClosePrinciple\OpenClosePrinciple.csproj", "{009033CD-71F0-41BC-9FD4-88183D62E3AD}"
EndProject
Global
	GlobalSection(SolutionConfigurationPlatforms) = preSolution
		Debug|Any CPU = Debug|Any CPU
		Release|Any CPU = Release|Any CPU
	EndGlobalSection
	GlobalSection(ProjectConfigurationPlatforms) = postSolution
		{009033CD-71F0-41BC-9FD4-88183D62E3AD}.Debug|Any CPU.ActiveCfg = Debug|Any CPU
		{009033CD-71F0-41BC-9FD4-88183D62E3AD}.Debug|Any CPU.Build.0 = Debug|Any CPU
		{009033CD-71F0-41BC-9FD4-88183D62E3AD}.Release|Any CPU.ActiveCfg = Release|Any CPU
		{009033CD-71F0-41BC-9FD4-88183D62E3AD}.Release|Any CPU.Build.0 = Release|Any CPU
	EndGlobalSection
	GlobalSection(SolutionProperties) = preSolution
		HideSolutionNode = FALSE
	EndGlobalSection
	GlobalSection(ExtensibilityGlobals) = postSolution
		SolutionGuid = {2307F1FF-397C-46C2-8592-75408E5A1905}
	EndGlobalSection
EndGlobal
