
Microsoft Visual Studio Solution File, Format Version 12.00
# Visual Studio Version 17
VisualStudioVersion = 17.10.34607.79
MinimumVisualStudioVersion = 10.0.40219.1
Project("{FAE04EC0-301F-11D3-BF4B-00C04F79EFBC}") = "Pangrams", "Pangrams\Pangrams.csproj", "{5F2F60CC-495E-45B8-B71B-4703F14C2D10}"
EndProject
Global
	GlobalSection(SolutionConfigurationPlatforms) = preSolution
		Debug|Any CPU = Debug|Any CPU
		Release|Any CPU = Release|Any CPU
	EndGlobalSection
	GlobalSection(ProjectConfigurationPlatforms) = postSolution
		{5F2F60CC-495E-45B8-B71B-4703F14C2D10}.Debug|Any CPU.ActiveCfg = Debug|Any CPU
		{5F2F60CC-495E-45B8-B71B-4703F14C2D10}.Debug|Any CPU.Build.0 = Debug|Any CPU
		{5F2F60CC-495E-45B8-B71B-4703F14C2D10}.Release|Any CPU.ActiveCfg = Release|Any CPU
		{5F2F60CC-495E-45B8-B71B-4703F14C2D10}.Release|Any CPU.Build.0 = Release|Any CPU
	EndGlobalSection
	GlobalSection(SolutionProperties) = preSolution
		HideSolutionNode = FALSE
	EndGlobalSection
	GlobalSection(ExtensibilityGlobals) = postSolution
		SolutionGuid = {6948D1C8-07FB-4293-AB5D-B79705F27C7A}
	EndGlobalSection
EndGlobal
