
Microsoft Visual Studio Solution File, Format Version 12.00
# Visual Studio Version 17
VisualStudioVersion = 17.10.34607.79
MinimumVisualStudioVersion = 10.0.40219.1
Project("{FAE04EC0-301F-11D3-BF4B-00C04F79EFBC}") = "LonelyInteger", "LonelyInteger\LonelyInteger.csproj", "{4025BF76-33C4-4A15-930A-F103FB2C5315}"
EndProject
Global
	GlobalSection(SolutionConfigurationPlatforms) = preSolution
		Debug|Any CPU = Debug|Any CPU
		Release|Any CPU = Release|Any CPU
	EndGlobalSection
	GlobalSection(ProjectConfigurationPlatforms) = postSolution
		{4025BF76-33C4-4A15-930A-F103FB2C5315}.Debug|Any CPU.ActiveCfg = Debug|Any CPU
		{4025BF76-33C4-4A15-930A-F103FB2C5315}.Debug|Any CPU.Build.0 = Debug|Any CPU
		{4025BF76-33C4-4A15-930A-F103FB2C5315}.Release|Any CPU.ActiveCfg = Release|Any CPU
		{4025BF76-33C4-4A15-930A-F103FB2C5315}.Release|Any CPU.Build.0 = Release|Any CPU
	EndGlobalSection
	GlobalSection(SolutionProperties) = preSolution
		HideSolutionNode = FALSE
	EndGlobalSection
	GlobalSection(ExtensibilityGlobals) = postSolution
		SolutionGuid = {8093D6E6-019E-49CE-B3DF-BDE73D481A76}
	EndGlobalSection
EndGlobal
