
Microsoft Visual Studio Solution File, Format Version 12.00
# Visual Studio Version 17
VisualStudioVersion = 17.10.34607.79
MinimumVisualStudioVersion = 10.0.40219.1
Project("{FAE04EC0-301F-11D3-BF4B-00C04F79EFBC}") = "StrongPassword", "StrongPassword\StrongPassword.csproj", "{8116FCBA-D136-4321-8064-A895E7E6F29D}"
EndProject
Global
	GlobalSection(SolutionConfigurationPlatforms) = preSolution
		Debug|Any CPU = Debug|Any CPU
		Release|Any CPU = Release|Any CPU
	EndGlobalSection
	GlobalSection(ProjectConfigurationPlatforms) = postSolution
		{8116FCBA-D136-4321-8064-A895E7E6F29D}.Debug|Any CPU.ActiveCfg = Debug|Any CPU
		{8116FCBA-D136-4321-8064-A895E7E6F29D}.Debug|Any CPU.Build.0 = Debug|Any CPU
		{8116FCBA-D136-4321-8064-A895E7E6F29D}.Release|Any CPU.ActiveCfg = Release|Any CPU
		{8116FCBA-D136-4321-8064-A895E7E6F29D}.Release|Any CPU.Build.0 = Release|Any CPU
	EndGlobalSection
	GlobalSection(SolutionProperties) = preSolution
		HideSolutionNode = FALSE
	EndGlobalSection
	GlobalSection(ExtensibilityGlobals) = postSolution
		SolutionGuid = {C84AB0C2-A451-47BE-8F2F-73E2562B521A}
	EndGlobalSection
EndGlobal
