
Microsoft Visual Studio Solution File, Format Version 12.00
# Visual Studio Version 17
VisualStudioVersion = 17.1.32421.90
MinimumVisualStudioVersion = 10.0.40219.1
Project("{9A19103F-16F7-4668-BE54-9A1E7A4F7556}") = "Alogorithms", "Alogorithms\Alogorithms.csproj", "{64705F47-07B5-4072-8CEF-3818DC97B8E5}"
EndProject
Project("{9A19103F-16F7-4668-BE54-9A1E7A4F7556}") = "GraphsDFS", "GraphsDFS\GraphsDFS.csproj", "{8B589AB9-F255-4DF3-8139-DFA9528C5334}"
EndProject
Project("{9A19103F-16F7-4668-BE54-9A1E7A4F7556}") = "GraphsBFS", "GraphsBFS\GraphsBFS.csproj", "{D463D23A-D7CD-4C62-8F9D-C4AC85F33512}"
EndProject
Project("{9A19103F-16F7-4668-BE54-9A1E7A4F7556}") = "01.ConnectedComponents", "01.ConnectedComponents\01.ConnectedComponents.csproj", "{0B1B263C-02FC-415C-8A29-21DD8B69B05B}"
EndProject
Project("{FAE04EC0-301F-11D3-BF4B-00C04F79EFBC}") = "02.SourceRemovalTopologicalSorting", "02.SourceRemovalTopologicalSorting\02.SourceRemovalTopologicalSorting.csproj", "{C68A5A73-FE2C-467C-A02E-42652582C3A6}"
EndProject
Global
	GlobalSection(SolutionConfigurationPlatforms) = preSolution
		Debug|Any CPU = Debug|Any CPU
		Release|Any CPU = Release|Any CPU
	EndGlobalSection
	GlobalSection(ProjectConfigurationPlatforms) = postSolution
		{64705F47-07B5-4072-8CEF-3818DC97B8E5}.Debug|Any CPU.ActiveCfg = Debug|Any CPU
		{64705F47-07B5-4072-8CEF-3818DC97B8E5}.Debug|Any CPU.Build.0 = Debug|Any CPU
		{64705F47-07B5-4072-8CEF-3818DC97B8E5}.Release|Any CPU.ActiveCfg = Release|Any CPU
		{64705F47-07B5-4072-8CEF-3818DC97B8E5}.Release|Any CPU.Build.0 = Release|Any CPU
		{8B589AB9-F255-4DF3-8139-DFA9528C5334}.Debug|Any CPU.ActiveCfg = Debug|Any CPU
		{8B589AB9-F255-4DF3-8139-DFA9528C5334}.Debug|Any CPU.Build.0 = Debug|Any CPU
		{8B589AB9-F255-4DF3-8139-DFA9528C5334}.Release|Any CPU.ActiveCfg = Release|Any CPU
		{8B589AB9-F255-4DF3-8139-DFA9528C5334}.Release|Any CPU.Build.0 = Release|Any CPU
		{D463D23A-D7CD-4C62-8F9D-C4AC85F33512}.Debug|Any CPU.ActiveCfg = Debug|Any CPU
		{D463D23A-D7CD-4C62-8F9D-C4AC85F33512}.Debug|Any CPU.Build.0 = Debug|Any CPU
		{D463D23A-D7CD-4C62-8F9D-C4AC85F33512}.Release|Any CPU.ActiveCfg = Release|Any CPU
		{D463D23A-D7CD-4C62-8F9D-C4AC85F33512}.Release|Any CPU.Build.0 = Release|Any CPU
		{0B1B263C-02FC-415C-8A29-21DD8B69B05B}.Debug|Any CPU.ActiveCfg = Debug|Any CPU
		{0B1B263C-02FC-415C-8A29-21DD8B69B05B}.Debug|Any CPU.Build.0 = Debug|Any CPU
		{0B1B263C-02FC-415C-8A29-21DD8B69B05B}.Release|Any CPU.ActiveCfg = Release|Any CPU
		{0B1B263C-02FC-415C-8A29-21DD8B69B05B}.Release|Any CPU.Build.0 = Release|Any CPU
		{C68A5A73-FE2C-467C-A02E-42652582C3A6}.Debug|Any CPU.ActiveCfg = Debug|Any CPU
		{C68A5A73-FE2C-467C-A02E-42652582C3A6}.Debug|Any CPU.Build.0 = Debug|Any CPU
		{C68A5A73-FE2C-467C-A02E-42652582C3A6}.Release|Any CPU.ActiveCfg = Release|Any CPU
		{C68A5A73-FE2C-467C-A02E-42652582C3A6}.Release|Any CPU.Build.0 = Release|Any CPU
	EndGlobalSection
	GlobalSection(SolutionProperties) = preSolution
		HideSolutionNode = FALSE
	EndGlobalSection
	GlobalSection(ExtensibilityGlobals) = postSolution
		SolutionGuid = {E9212903-27CA-4960-ABC1-EF7CB83941F2}
	EndGlobalSection
EndGlobal
