
Microsoft Visual Studio Solution File, Format Version 12.00
# Visual Studio Version 17
VisualStudioVersion = 17.10.34607.79
MinimumVisualStudioVersion = 10.0.40219.1
Project("{FAE04EC0-301F-11D3-BF4B-00C04F79EFBC}") = "LeftRotation", "LeftRotation\LeftRotation.csproj", "{426E4A32-B0DA-4A90-BFEF-0B1D5399D666}"
EndProject
Global
	GlobalSection(SolutionConfigurationPlatforms) = preSolution
		Debug|Any CPU = Debug|Any CPU
		Release|Any CPU = Release|Any CPU
	EndGlobalSection
	GlobalSection(ProjectConfigurationPlatforms) = postSolution
		{426E4A32-B0DA-4A90-BFEF-0B1D5399D666}.Debug|Any CPU.ActiveCfg = Debug|Any CPU
		{426E4A32-B0DA-4A90-BFEF-0B1D5399D666}.Debug|Any CPU.Build.0 = Debug|Any CPU
		{426E4A32-B0DA-4A90-BFEF-0B1D5399D666}.Release|Any CPU.ActiveCfg = Release|Any CPU
		{426E4A32-B0DA-4A90-BFEF-0B1D5399D666}.Release|Any CPU.Build.0 = Release|Any CPU
	EndGlobalSection
	GlobalSection(SolutionProperties) = preSolution
		HideSolutionNode = FALSE
	EndGlobalSection
	GlobalSection(ExtensibilityGlobals) = postSolution
		SolutionGuid = {26D6E33B-495F-499D-BEB4-0A156636ABF7}
	EndGlobalSection
EndGlobal
