
Microsoft Visual Studio Solution File, Format Version 12.00
# Visual Studio Version 17
VisualStudioVersion = 17.10.34607.79
MinimumVisualStudioVersion = 10.0.40219.1
Project("{FAE04EC0-301F-11D3-BF4B-00C04F79EFBC}") = "DivisibleSumPairs", "DivisibleSumPairs\DivisibleSumPairs.csproj", "{1BEC189C-A3A3-4311-9F85-F10C35F5461A}"
EndProject
Global
	GlobalSection(SolutionConfigurationPlatforms) = preSolution
		Debug|Any CPU = Debug|Any CPU
		Release|Any CPU = Release|Any CPU
	EndGlobalSection
	GlobalSection(ProjectConfigurationPlatforms) = postSolution
		{1BEC189C-A3A3-4311-9F85-F10C35F5461A}.Debug|Any CPU.ActiveCfg = Debug|Any CPU
		{1BEC189C-A3A3-4311-9F85-F10C35F5461A}.Debug|Any CPU.Build.0 = Debug|Any CPU
		{1BEC189C-A3A3-4311-9F85-F10C35F5461A}.Release|Any CPU.ActiveCfg = Release|Any CPU
		{1BEC189C-A3A3-4311-9F85-F10C35F5461A}.Release|Any CPU.Build.0 = Release|Any CPU
	EndGlobalSection
	GlobalSection(SolutionProperties) = preSolution
		HideSolutionNode = FALSE
	EndGlobalSection
	GlobalSection(ExtensibilityGlobals) = postSolution
		SolutionGuid = {FED6FB1B-3725-462B-968B-A8A9A7B9EAA5}
	EndGlobalSection
EndGlobal
